// !$*UTF8*$!
{
	archiveVersion = 1;
	classes = {
	};
	objectVersion = 50;
	objects = {

/* Begin PBXBuildFile section */
		B85F96EB25B7DFC500D82A7F /* SearchBar.swift in Sources */ = {isa = PBXBuildFile; fileRef = B85F96EA25B7DFC500D82A7F /* SearchBar.swift */; };
		B85F96F125B8B20800D82A7F /* AuthorTabView.swift in Sources */ = {isa = PBXBuildFile; fileRef = B85F96F025B8B20800D82A7F /* AuthorTabView.swift */; };
		B85F96F525B8B2AD00D82A7F /* FavoriteQuoteView.swift in Sources */ = {isa = PBXBuildFile; fileRef = B85F96F425B8B2AD00D82A7F /* FavoriteQuoteView.swift */; };
		B85F96F825B8B56C00D82A7F /* EmptyState.swift in Sources */ = {isa = PBXBuildFile; fileRef = B85F96F725B8B56C00D82A7F /* EmptyState.swift */; };
		B85F96FC25B8BA4F00D82A7F /* QuoteListCell.swift in Sources */ = {isa = PBXBuildFile; fileRef = B85F96FB25B8BA4F00D82A7F /* QuoteListCell.swift */; };
		B85F96FF25B8BDEC00D82A7F /* FavoriteQuotes.swift in Sources */ = {isa = PBXBuildFile; fileRef = B85F96FE25B8BDEC00D82A7F /* FavoriteQuotes.swift */; };
		B85F970325B91FD600D82A7F /* FavoriteListCell.swift in Sources */ = {isa = PBXBuildFile; fileRef = B85F970225B91FD600D82A7F /* FavoriteListCell.swift */; };
		B892810C25B75D4C00AD32B2 /* SwiftUICodingChallengeRuvinskiyApp.swift in Sources */ = {isa = PBXBuildFile; fileRef = B892810B25B75D4C00AD32B2 /* SwiftUICodingChallengeRuvinskiyApp.swift */; };
		B892811025B75D5300AD32B2 /* Assets.xcassets in Resources */ = {isa = PBXBuildFile; fileRef = B892810F25B75D5300AD32B2 /* Assets.xcassets */; };
		B892811325B75D5300AD32B2 /* Preview Assets.xcassets in Resources */ = {isa = PBXBuildFile; fileRef = B892811225B75D5300AD32B2 /* Preview Assets.xcassets */; };
		B892812425B7619A00AD32B2 /* NetworkManager.swift in Sources */ = {isa = PBXBuildFile; fileRef = B892812325B7619A00AD32B2 /* NetworkManager.swift */; };
		B892812D25B7638E00AD32B2 /* DRError.swift in Sources */ = {isa = PBXBuildFile; fileRef = B892812C25B7638E00AD32B2 /* DRError.swift */; };
		B892813625B7657C00AD32B2 /* AuthorListViewModel.swift in Sources */ = {isa = PBXBuildFile; fileRef = B892813525B7657C00AD32B2 /* AuthorListViewModel.swift */; };
		B892813F25B7663000AD32B2 /* AuthorListView.swift in Sources */ = {isa = PBXBuildFile; fileRef = B892813E25B7663000AD32B2 /* AuthorListView.swift */; };
		B892814725B76A6500AD32B2 /* AuthorResponse.swift in Sources */ = {isa = PBXBuildFile; fileRef = B892814625B76A6500AD32B2 /* AuthorResponse.swift */; };
		B892814C25B77CE900AD32B2 /* AuthorQuoteListView.swift in Sources */ = {isa = PBXBuildFile; fileRef = B892814B25B77CE900AD32B2 /* AuthorQuoteListView.swift */; };
		B892815425B781B000AD32B2 /* AuthorQuoteListViewModel.swift in Sources */ = {isa = PBXBuildFile; fileRef = B892815325B781B000AD32B2 /* AuthorQuoteListViewModel.swift */; };
		B892815825B784E600AD32B2 /* QuoteResponse.swift in Sources */ = {isa = PBXBuildFile; fileRef = B892815725B784E600AD32B2 /* QuoteResponse.swift */; };
		B892815C25B7C7C600AD32B2 /* LoadingView.swift in Sources */ = {isa = PBXBuildFile; fileRef = B892815B25B7C7C600AD32B2 /* LoadingView.swift */; };
/* End PBXBuildFile section */

/* Begin PBXFileReference section */
		B85F96EA25B7DFC500D82A7F /* SearchBar.swift */ = {isa = PBXFileReference; lastKnownFileType = sourcecode.swift; path = SearchBar.swift; sourceTree = "<group>"; };
		B85F96F025B8B20800D82A7F /* AuthorTabView.swift */ = {isa = PBXFileReference; lastKnownFileType = sourcecode.swift; path = AuthorTabView.swift; sourceTree = "<group>"; };
		B85F96F425B8B2AD00D82A7F /* FavoriteQuoteView.swift */ = {isa = PBXFileReference; lastKnownFileType = sourcecode.swift; path = FavoriteQuoteView.swift; sourceTree = "<group>"; };
		B85F96F725B8B56C00D82A7F /* EmptyState.swift */ = {isa = PBXFileReference; lastKnownFileType = sourcecode.swift; path = EmptyState.swift; sourceTree = "<group>"; };
		B85F96FB25B8BA4F00D82A7F /* QuoteListCell.swift */ = {isa = PBXFileReference; lastKnownFileType = sourcecode.swift; path = QuoteListCell.swift; sourceTree = "<group>"; };
		B85F96FE25B8BDEC00D82A7F /* FavoriteQuotes.swift */ = {isa = PBXFileReference; lastKnownFileType = sourcecode.swift; path = FavoriteQuotes.swift; sourceTree = "<group>"; };
		B85F970225B91FD600D82A7F /* FavoriteListCell.swift */ = {isa = PBXFileReference; lastKnownFileType = sourcecode.swift; path = FavoriteListCell.swift; sourceTree = "<group>"; };
		B892810825B75D4C00AD32B2 /* SwiftUICodingChallengeRuvinskiy.app */ = {isa = PBXFileReference; explicitFileType = wrapper.application; includeInIndex = 0; path = SwiftUICodingChallengeRuvinskiy.app; sourceTree = BUILT_PRODUCTS_DIR; };
		B892810B25B75D4C00AD32B2 /* SwiftUICodingChallengeRuvinskiyApp.swift */ = {isa = PBXFileReference; lastKnownFileType = sourcecode.swift; path = SwiftUICodingChallengeRuvinskiyApp.swift; sourceTree = "<group>"; };
		B892810F25B75D5300AD32B2 /* Assets.xcassets */ = {isa = PBXFileReference; lastKnownFileType = folder.assetcatalog; path = Assets.xcassets; sourceTree = "<group>"; };
		B892811225B75D5300AD32B2 /* Preview Assets.xcassets */ = {isa = PBXFileReference; lastKnownFileType = folder.assetcatalog; path = "Preview Assets.xcassets"; sourceTree = "<group>"; };
		B892811425B75D5300AD32B2 /* Info.plist */ = {isa = PBXFileReference; lastKnownFileType = text.plist.xml; path = Info.plist; sourceTree = "<group>"; };
		B892812325B7619A00AD32B2 /* NetworkManager.swift */ = {isa = PBXFileReference; lastKnownFileType = sourcecode.swift; path = NetworkManager.swift; sourceTree = "<group>"; };
		B892812C25B7638E00AD32B2 /* DRError.swift */ = {isa = PBXFileReference; lastKnownFileType = sourcecode.swift; path = DRError.swift; sourceTree = "<group>"; };
		B892813525B7657C00AD32B2 /* AuthorListViewModel.swift */ = {isa = PBXFileReference; lastKnownFileType = sourcecode.swift; path = AuthorListViewModel.swift; sourceTree = "<group>"; };
		B892813E25B7663000AD32B2 /* AuthorListView.swift */ = {isa = PBXFileReference; lastKnownFileType = sourcecode.swift; path = AuthorListView.swift; sourceTree = "<group>"; };
		B892814625B76A6500AD32B2 /* AuthorResponse.swift */ = {isa = PBXFileReference; lastKnownFileType = sourcecode.swift; path = AuthorResponse.swift; sourceTree = "<group>"; };
		B892814B25B77CE900AD32B2 /* AuthorQuoteListView.swift */ = {isa = PBXFileReference; lastKnownFileType = sourcecode.swift; path = AuthorQuoteListView.swift; sourceTree = "<group>"; };
		B892815325B781B000AD32B2 /* AuthorQuoteListViewModel.swift */ = {isa = PBXFileReference; lastKnownFileType = sourcecode.swift; path = AuthorQuoteListViewModel.swift; sourceTree = "<group>"; };
		B892815725B784E600AD32B2 /* QuoteResponse.swift */ = {isa = PBXFileReference; lastKnownFileType = sourcecode.swift; path = QuoteResponse.swift; sourceTree = "<group>"; };
		B892815B25B7C7C600AD32B2 /* LoadingView.swift */ = {isa = PBXFileReference; lastKnownFileType = sourcecode.swift; path = LoadingView.swift; sourceTree = "<group>"; };
/* End PBXFileReference section */

/* Begin PBXFrameworksBuildPhase section */
		B892810525B75D4C00AD32B2 /* Frameworks */ = {
			isa = PBXFrameworksBuildPhase;
			buildActionMask = 2147483647;
			files = (
			);
			runOnlyForDeploymentPostprocessing = 0;
		};
/* End PBXFrameworksBuildPhase section */

/* Begin PBXGroup section */
		B85F96F325B8B26400D82A7F /* FavoriteQuoteView */ = {
			isa = PBXGroup;
			children = (
				B85F96F425B8B2AD00D82A7F /* FavoriteQuoteView.swift */,
			);
			path = FavoriteQuoteView;
			sourceTree = "<group>";
		};
		B85F96FA25B8B9F500D82A7F /* Cells */ = {
			isa = PBXGroup;
			children = (
				B85F96FB25B8BA4F00D82A7F /* QuoteListCell.swift */,
				B85F970225B91FD600D82A7F /* FavoriteListCell.swift */,
			);
			path = Cells;
			sourceTree = "<group>";
		};
		B89280FF25B75D4C00AD32B2 = {
			isa = PBXGroup;
			children = (
				B892810A25B75D4C00AD32B2 /* SwiftUICodingChallengeRuvinskiy */,
				B892810925B75D4C00AD32B2 /* Products */,
			);
			sourceTree = "<group>";
		};
		B892810925B75D4C00AD32B2 /* Products */ = {
			isa = PBXGroup;
			children = (
				B892810825B75D4C00AD32B2 /* SwiftUICodingChallengeRuvinskiy.app */,
			);
			name = Products;
			sourceTree = "<group>";
		};
		B892810A25B75D4C00AD32B2 /* SwiftUICodingChallengeRuvinskiy */ = {
			isa = PBXGroup;
			children = (
				B892812025B760D000AD32B2 /* Model */,
				B892811F25B760C700AD32B2 /* Utilities */,
				B892811E25B760B600AD32B2 /* Views */,
				B892811D25B760AE00AD32B2 /* Screens */,
				B892810B25B75D4C00AD32B2 /* SwiftUICodingChallengeRuvinskiyApp.swift */,
				B892810F25B75D5300AD32B2 /* Assets.xcassets */,
				B892811425B75D5300AD32B2 /* Info.plist */,
				B892811125B75D5300AD32B2 /* Preview Content */,
			);
			path = SwiftUICodingChallengeRuvinskiy;
			sourceTree = "<group>";
		};
		B892811125B75D5300AD32B2 /* Preview Content */ = {
			isa = PBXGroup;
			children = (
				B892811225B75D5300AD32B2 /* Preview Assets.xcassets */,
			);
			path = "Preview Content";
			sourceTree = "<group>";
		};
		B892811D25B760AE00AD32B2 /* Screens */ = {
			isa = PBXGroup;
			children = (
				B85F96F025B8B20800D82A7F /* AuthorTabView.swift */,
				B892813125B7654200AD32B2 /* AuthorListView */,
				B892814A25B77CAD00AD32B2 /* AuthorQuoteListView */,
				B85F96F325B8B26400D82A7F /* FavoriteQuoteView */,
			);
			path = Screens;
			sourceTree = "<group>";
		};
		B892811E25B760B600AD32B2 /* Views */ = {
			isa = PBXGroup;
			children = (
				B892815B25B7C7C600AD32B2 /* LoadingView.swift */,
				B85F96EA25B7DFC500D82A7F /* SearchBar.swift */,
				B85F96F725B8B56C00D82A7F /* EmptyState.swift */,
				B85F96FA25B8B9F500D82A7F /* Cells */,
			);
			path = Views;
			sourceTree = "<group>";
		};
		B892811F25B760C700AD32B2 /* Utilities */ = {
			isa = PBXGroup;
			children = (
				B892812A25B7636B00AD32B2 /* Alerts */,
				B892812125B760F200AD32B2 /* Managers */,
			);
			path = Utilities;
			sourceTree = "<group>";
		};
		B892812025B760D000AD32B2 /* Model */ = {
			isa = PBXGroup;
			children = (
				B892814625B76A6500AD32B2 /* AuthorResponse.swift */,
				B892815725B784E600AD32B2 /* QuoteResponse.swift */,
				B85F96FE25B8BDEC00D82A7F /* FavoriteQuotes.swift */,
			);
			path = Model;
			sourceTree = "<group>";
		};
		B892812125B760F200AD32B2 /* Managers */ = {
			isa = PBXGroup;
			children = (
				B892812325B7619A00AD32B2 /* NetworkManager.swift */,
			);
			path = Managers;
			sourceTree = "<group>";
		};
		B892812A25B7636B00AD32B2 /* Alerts */ = {
			isa = PBXGroup;
			children = (
				B892812C25B7638E00AD32B2 /* DRError.swift */,
			);
			path = Alerts;
			sourceTree = "<group>";
		};
		B892813125B7654200AD32B2 /* AuthorListView */ = {
			isa = PBXGroup;
			children = (
				B892813525B7657C00AD32B2 /* AuthorListViewModel.swift */,
				B892813E25B7663000AD32B2 /* AuthorListView.swift */,
			);
			path = AuthorListView;
			sourceTree = "<group>";
		};
		B892814A25B77CAD00AD32B2 /* AuthorQuoteListView */ = {
			isa = PBXGroup;
			children = (
				B892815325B781B000AD32B2 /* AuthorQuoteListViewModel.swift */,
				B892814B25B77CE900AD32B2 /* AuthorQuoteListView.swift */,
			);
			path = AuthorQuoteListView;
			sourceTree = "<group>";
		};
/* End PBXGroup section */

/* Begin PBXNativeTarget section */
		B892810725B75D4C00AD32B2 /* SwiftUICodingChallengeRuvinskiy */ = {
			isa = PBXNativeTarget;
			buildConfigurationList = B892811725B75D5300AD32B2 /* Build configuration list for PBXNativeTarget "SwiftUICodingChallengeRuvinskiy" */;
			buildPhases = (
				B892810425B75D4C00AD32B2 /* Sources */,
				B892810525B75D4C00AD32B2 /* Frameworks */,
				B892810625B75D4C00AD32B2 /* Resources */,
			);
			buildRules = (
			);
			dependencies = (
			);
			name = SwiftUICodingChallengeRuvinskiy;
			productName = SwiftUICodingChallengeRuvinskiy;
			productReference = B892810825B75D4C00AD32B2 /* SwiftUICodingChallengeRuvinskiy.app */;
			productType = "com.apple.product-type.application";
		};
/* End PBXNativeTarget section */

/* Begin PBXProject section */
		B892810025B75D4C00AD32B2 /* Project object */ = {
			isa = PBXProject;
			attributes = {
				LastSwiftUpdateCheck = 1220;
				LastUpgradeCheck = 1220;
				TargetAttributes = {
					B892810725B75D4C00AD32B2 = {
						CreatedOnToolsVersion = 12.2;
					};
				};
			};
			buildConfigurationList = B892810325B75D4C00AD32B2 /* Build configuration list for PBXProject "SwiftUICodingChallengeRuvinskiy" */;
			compatibilityVersion = "Xcode 9.3";
			developmentRegion = en;
			hasScannedForEncodings = 0;
			knownRegions = (
				en,
				Base,
			);
			mainGroup = B89280FF25B75D4C00AD32B2;
			productRefGroup = B892810925B75D4C00AD32B2 /* Products */;
			projectDirPath = "";
			projectRoot = "";
			targets = (
				B892810725B75D4C00AD32B2 /* SwiftUICodingChallengeRuvinskiy */,
			);
		};
/* End PBXProject section */

/* Begin PBXResourcesBuildPhase section */
		B892810625B75D4C00AD32B2 /* Resources */ = {
			isa = PBXResourcesBuildPhase;
			buildActionMask = 2147483647;
			files = (
				B892811325B75D5300AD32B2 /* Preview Assets.xcassets in Resources */,
				B892811025B75D5300AD32B2 /* Assets.xcassets in Resources */,
			);
			runOnlyForDeploymentPostprocessing = 0;
		};
/* End PBXResourcesBuildPhase section */

/* Begin PBXSourcesBuildPhase section */
		B892810425B75D4C00AD32B2 /* Sources */ = {
			isa = PBXSourcesBuildPhase;
			buildActionMask = 2147483647;
			files = (
				B85F96FF25B8BDEC00D82A7F /* FavoriteQuotes.swift in Sources */,
				B892813F25B7663000AD32B2 /* AuthorListView.swift in Sources */,
				B85F96F825B8B56C00D82A7F /* EmptyState.swift in Sources */,
				B892813625B7657C00AD32B2 /* AuthorListViewModel.swift in Sources */,
				B892815425B781B000AD32B2 /* AuthorQuoteListViewModel.swift in Sources */,
				B892815C25B7C7C600AD32B2 /* LoadingView.swift in Sources */,
				B85F96FC25B8BA4F00D82A7F /* QuoteListCell.swift in Sources */,
				B892812D25B7638E00AD32B2 /* DRError.swift in Sources */,
				B85F96F525B8B2AD00D82A7F /* FavoriteQuoteView.swift in Sources */,
				B892814C25B77CE900AD32B2 /* AuthorQuoteListView.swift in Sources */,
				B892812425B7619A00AD32B2 /* NetworkManager.swift in Sources */,
				B85F96F125B8B20800D82A7F /* AuthorTabView.swift in Sources */,
				B892815825B784E600AD32B2 /* QuoteResponse.swift in Sources */,
				B85F970325B91FD600D82A7F /* FavoriteListCell.swift in Sources */,
				B892814725B76A6500AD32B2 /* AuthorResponse.swift in Sources */,
				B85F96EB25B7DFC500D82A7F /* SearchBar.swift in Sources */,
				B892810C25B75D4C00AD32B2 /* SwiftUICodingChallengeRuvinskiyApp.swift in Sources */,
			);
			runOnlyForDeploymentPostprocessing = 0;
		};
/* End PBXSourcesBuildPhase section */

/* Begin XCBuildConfiguration section */
		B892811525B75D5300AD32B2 /* Debug */ = {
			isa = XCBuildConfiguration;
			buildSettings = {
				ALWAYS_SEARCH_USER_PATHS = NO;
				CLANG_ANALYZER_NONNULL = YES;
				CLANG_ANALYZER_NUMBER_OBJECT_CONVERSION = YES_AGGRESSIVE;
				CLANG_CXX_LANGUAGE_STANDARD = "gnu++14";
				CLANG_CXX_LIBRARY = "libc++";
				CLANG_ENABLE_MODULES = YES;
				CLANG_ENABLE_OBJC_ARC = YES;
				CLANG_ENABLE_OBJC_WEAK = YES;
				CLANG_WARN_BLOCK_CAPTURE_AUTORELEASING = YES;
				CLANG_WARN_BOOL_CONVERSION = YES;
				CLANG_WARN_COMMA = YES;
				CLANG_WARN_CONSTANT_CONVERSION = YES;
				CLANG_WARN_DEPRECATED_OBJC_IMPLEMENTATIONS = YES;
				CLANG_WARN_DIRECT_OBJC_ISA_USAGE = YES_ERROR;
				CLANG_WARN_DOCUMENTATION_COMMENTS = YES;
				CLANG_WARN_EMPTY_BODY = YES;
				CLANG_WARN_ENUM_CONVERSION = YES;
				CLANG_WARN_INFINITE_RECURSION = YES;
				CLANG_WARN_INT_CONVERSION = YES;
				CLANG_WARN_NON_LITERAL_NULL_CONVERSION = YES;
				CLANG_WARN_OBJC_IMPLICIT_RETAIN_SELF = YES;
				CLANG_WARN_OBJC_LITERAL_CONVERSION = YES;
				CLANG_WARN_OBJC_ROOT_CLASS = YES_ERROR;
				CLANG_WARN_QUOTED_INCLUDE_IN_FRAMEWORK_HEADER = YES;
				CLANG_WARN_RANGE_LOOP_ANALYSIS = YES;
				CLANG_WARN_STRICT_PROTOTYPES = YES;
				CLANG_WARN_SUSPICIOUS_MOVE = YES;
				CLANG_WARN_UNGUARDED_AVAILABILITY = YES_AGGRESSIVE;
				CLANG_WARN_UNREACHABLE_CODE = YES;
				CLANG_WARN__DUPLICATE_METHOD_MATCH = YES;
				COPY_PHASE_STRIP = NO;
				DEBUG_INFORMATION_FORMAT = dwarf;
				ENABLE_STRICT_OBJC_MSGSEND = YES;
				ENABLE_TESTABILITY = YES;
				GCC_C_LANGUAGE_STANDARD = gnu11;
				GCC_DYNAMIC_NO_PIC = NO;
				GCC_NO_COMMON_BLOCKS = YES;
				GCC_OPTIMIZATION_LEVEL = 0;
				GCC_PREPROCESSOR_DEFINITIONS = (
					"DEBUG=1",
					"$(inherited)",
				);
				GCC_WARN_64_TO_32_BIT_CONVERSION = YES;
				GCC_WARN_ABOUT_RETURN_TYPE = YES_ERROR;
				GCC_WARN_UNDECLARED_SELECTOR = YES;
				GCC_WARN_UNINITIALIZED_AUTOS = YES_AGGRESSIVE;
				GCC_WARN_UNUSED_FUNCTION = YES;
				GCC_WARN_UNUSED_VARIABLE = YES;
				IPHONEOS_DEPLOYMENT_TARGET = 14.2;
				MTL_ENABLE_DEBUG_INFO = INCLUDE_SOURCE;
				MTL_FAST_MATH = YES;
				ONLY_ACTIVE_ARCH = YES;
				SDKROOT = iphoneos;
				SWIFT_ACTIVE_COMPILATION_CONDITIONS = DEBUG;
				SWIFT_OPTIMIZATION_LEVEL = "-Onone";
			};
			name = Debug;
		};
		B892811625B75D5300AD32B2 /* Release */ = {
			isa = XCBuildConfiguration;
			buildSettings = {
				ALWAYS_SEARCH_USER_PATHS = NO;
				CLANG_ANALYZER_NONNULL = YES;
				CLANG_ANALYZER_NUMBER_OBJECT_CONVERSION = YES_AGGRESSIVE;
				CLANG_CXX_LANGUAGE_STANDARD = "gnu++14";
				CLANG_CXX_LIBRARY = "libc++";
				CLANG_ENABLE_MODULES = YES;
				CLANG_ENABLE_OBJC_ARC = YES;
				CLANG_ENABLE_OBJC_WEAK = YES;
				CLANG_WARN_BLOCK_CAPTURE_AUTORELEASING = YES;
				CLANG_WARN_BOOL_CONVERSION = YES;
				CLANG_WARN_COMMA = YES;
				CLANG_WARN_CONSTANT_CONVERSION = YES;
				CLANG_WARN_DEPRECATED_OBJC_IMPLEMENTATIONS = YES;
				CLANG_WARN_DIRECT_OBJC_ISA_USAGE = YES_ERROR;
				CLANG_WARN_DOCUMENTATION_COMMENTS = YES;
				CLANG_WARN_EMPTY_BODY = YES;
				CLANG_WARN_ENUM_CONVERSION = YES;
				CLANG_WARN_INFINITE_RECURSION = YES;
				CLANG_WARN_INT_CONVERSION = YES;
				CLANG_WARN_NON_LITERAL_NULL_CONVERSION = YES;
				CLANG_WARN_OBJC_IMPLICIT_RETAIN_SELF = YES;
				CLANG_WARN_OBJC_LITERAL_CONVERSION = YES;
				CLANG_WARN_OBJC_ROOT_CLASS = YES_ERROR;
				CLANG_WARN_QUOTED_INCLUDE_IN_FRAMEWORK_HEADER = YES;
				CLANG_WARN_RANGE_LOOP_ANALYSIS = YES;
				CLANG_WARN_STRICT_PROTOTYPES = YES;
				CLANG_WARN_SUSPICIOUS_MOVE = YES;
				CLANG_WARN_UNGUARDED_AVAILABILITY = YES_AGGRESSIVE;
				CLANG_WARN_UNREACHABLE_CODE = YES;
				CLANG_WARN__DUPLICATE_METHOD_MATCH = YES;
				COPY_PHASE_STRIP = NO;
				DEBUG_INFORMATION_FORMAT = "dwarf-with-dsym";
				ENABLE_NS_ASSERTIONS = NO;
				ENABLE_STRICT_OBJC_MSGSEND = YES;
				GCC_C_LANGUAGE_STANDARD = gnu11;
				GCC_NO_COMMON_BLOCKS = YES;
				GCC_WARN_64_TO_32_BIT_CONVERSION = YES;
				GCC_WARN_ABOUT_RETURN_TYPE = YES_ERROR;
				GCC_WARN_UNDECLARED_SELECTOR = YES;
				GCC_WARN_UNINITIALIZED_AUTOS = YES_AGGRESSIVE;
				GCC_WARN_UNUSED_FUNCTION = YES;
				GCC_WARN_UNUSED_VARIABLE = YES;
				IPHONEOS_DEPLOYMENT_TARGET = 14.2;
				MTL_ENABLE_DEBUG_INFO = NO;
				MTL_FAST_MATH = YES;
				SDKROOT = iphoneos;
				SWIFT_COMPILATION_MODE = wholemodule;
				SWIFT_OPTIMIZATION_LEVEL = "-O";
				VALIDATE_PRODUCT = YES;
			};
			name = Release;
		};
		B892811825B75D5300AD32B2 /* Debug */ = {
			isa = XCBuildConfiguration;
			buildSettings = {
				ASSETCATALOG_COMPILER_APPICON_NAME = AppIcon;
				ASSETCATALOG_COMPILER_GLOBAL_ACCENT_COLOR_NAME = AccentColor;
				CODE_SIGN_STYLE = Automatic;
				DEVELOPMENT_ASSET_PATHS = "\"SwiftUICodingChallengeRuvinskiy/Preview Content\"";
				DEVELOPMENT_TEAM = 7T5K9UZ754;
				ENABLE_PREVIEWS = YES;
				INFOPLIST_FILE = SwiftUICodingChallengeRuvinskiy/Info.plist;
				IPHONEOS_DEPLOYMENT_TARGET = 14.0;
				LD_RUNPATH_SEARCH_PATHS = (
					"$(inherited)",
					"@executable_path/Frameworks",
				);
				PRODUCT_BUNDLE_IDENTIFIER = com.davidruvinskiy.SwiftUICodingChallengeRuvinskiy;
				PRODUCT_NAME = "$(TARGET_NAME)";
				SWIFT_VERSION = 5.0;
				TARGETED_DEVICE_FAMILY = "1,2";
			};
			name = Debug;
		};
		B892811925B75D5300AD32B2 /* Release */ = {
			isa = XCBuildConfiguration;
			buildSettings = {
				ASSETCATALOG_COMPILER_APPICON_NAME = AppIcon;
				ASSETCATALOG_COMPILER_GLOBAL_ACCENT_COLOR_NAME = AccentColor;
				CODE_SIGN_STYLE = Automatic;
				DEVELOPMENT_ASSET_PATHS = "\"SwiftUICodingChallengeRuvinskiy/Preview Content\"";
				DEVELOPMENT_TEAM = 7T5K9UZ754;
				ENABLE_PREVIEWS = YES;
				INFOPLIST_FILE = SwiftUICodingChallengeRuvinskiy/Info.plist;
				IPHONEOS_DEPLOYMENT_TARGET = 14.0;
				LD_RUNPATH_SEARCH_PATHS = (
					"$(inherited)",
					"@executable_path/Frameworks",
				);
				PRODUCT_BUNDLE_IDENTIFIER = com.davidruvinskiy.SwiftUICodingChallengeRuvinskiy;
				PRODUCT_NAME = "$(TARGET_NAME)";
				SWIFT_VERSION = 5.0;
				TARGETED_DEVICE_FAMILY = "1,2";
			};
			name = Release;
		};
/* End XCBuildConfiguration section */

/* Begin XCConfigurationList section */
		B892810325B75D4C00AD32B2 /* Build configuration list for PBXProject "SwiftUICodingChallengeRuvinskiy" */ = {
			isa = XCConfigurationList;
			buildConfigurations = (
				B892811525B75D5300AD32B2 /* Debug */,
				B892811625B75D5300AD32B2 /* Release */,
			);
			defaultConfigurationIsVisible = 0;
			defaultConfigurationName = Release;
		};
		B892811725B75D5300AD32B2 /* Build configuration list for PBXNativeTarget "SwiftUICodingChallengeRuvinskiy" */ = {
			isa = XCConfigurationList;
			buildConfigurations = (
				B892811825B75D5300AD32B2 /* Debug */,
				B892811925B75D5300AD32B2 /* Release */,
			);
			defaultConfigurationIsVisible = 0;
			defaultConfigurationName = Release;
		};
/* End XCConfigurationList section */
	};
	rootObject = B892810025B75D4C00AD32B2 /* Project object */;
}
